Microsoft Visual Studio Solution File, Format Version 11.00
# Visual Studio 2008

Project("{0537FD18-344D-3E75-6BB3-3177ED652211}") = "RoboRun", "Assembly-CSharp-firstpass.csproj", "{9C0CC830-C410-FA91-EC63-54539C126273}"
EndProject
Project("{0537FD18-344D-3E75-6BB3-3177ED652211}") = "RoboRun", "Assembly-CSharp.csproj", "{D66E782C-DE83-B769-F98A-C12A0ED63B86}"
EndProject
Project("{0537FD18-344D-3E75-6BB3-3177ED652211}") = "RoboRun", "Assembly-UnityScript-firstpass.unityproj", "{712C3F75-C16F-3F52-4F7E-88C5EBBA7EE0}"
EndProject
Global
	GlobalSection(SolutionConfigurationPlatforms) = preSolution
		Debug|Any CPU = Debug|Any CPU
		Release|Any CPU = Release|Any CPU
	EndGlobalSection
	GlobalSection(ProjectConfigurationPlatforms) = postSolution
		{9C0CC830-C410-FA91-EC63-54539C126273}.Debug|Any CPU.ActiveCfg = Debug|Any CPU
		{9C0CC830-C410-FA91-EC63-54539C126273}.Debug|Any CPU.Build.0 = Debug|Any CPU
		{9C0CC830-C410-FA91-EC63-54539C126273}.Release|Any CPU.ActiveCfg = Release|Any CPU
		{9C0CC830-C410-FA91-EC63-54539C126273}.Release|Any CPU.Build.0 = Release|Any CPU
		{D66E782C-DE83-B769-F98A-C12A0ED63B86}.Debug|Any CPU.ActiveCfg = Debug|Any CPU
		{D66E782C-DE83-B769-F98A-C12A0ED63B86}.Debug|Any CPU.Build.0 = Debug|Any CPU
		{D66E782C-DE83-B769-F98A-C12A0ED63B86}.Release|Any CPU.ActiveCfg = Release|Any CPU
		{D66E782C-DE83-B769-F98A-C12A0ED63B86}.Release|Any CPU.Build.0 = Release|Any CPU
		{712C3F75-C16F-3F52-4F7E-88C5EBBA7EE0}.Debug|Any CPU.ActiveCfg = Debug|Any CPU
		{712C3F75-C16F-3F52-4F7E-88C5EBBA7EE0}.Debug|Any CPU.Build.0 = Debug|Any CPU
		{712C3F75-C16F-3F52-4F7E-88C5EBBA7EE0}.Release|Any CPU.ActiveCfg = Release|Any CPU
		{712C3F75-C16F-3F52-4F7E-88C5EBBA7EE0}.Release|Any CPU.Build.0 = Release|Any CPU
	EndGlobalSection
	GlobalSection(SolutionProperties) = preSolution
		HideSolutionNode = FALSE
	EndGlobalSection
																																																																																																																																																																GlobalSection(MonoDevelopProperties) = preSolution
		StartupItem = Assembly-CSharp.csproj
		Policies = $0
		$0.TextStylePolicy = $1
		$1.inheritsSet = null
		$1.scope = text/x-csharp
		$0.CSharpFormattingPolicy = $2
		$2.inheritsSet = Mono
		$2.inheritsScope = text/x-csharp
		$2.scope = text/x-csharp
		$0.TextStylePolicy = $3
		$3.FileWidth = 120
		$3.TabWidth = 4
		$3.EolMarker = Unix
		$3.inheritsSet = Mono
		$3.inheritsScope = text/plain
		$3.scope = text/plain
	EndGlobalSection

EndGlobal
